{
  "name": "my-turborepo-project",
  "version": "1.0.0",
  "lockfileVersion": 3,
  "requires": true,
  "packages": {
    "": {
      "name": "my-turborepo-project",
      "version": "1.0.0",
      "license": "MIT",
      "dependencies": {
        "module-alias": "^2.2.3",
        "turbo": "^1.11.2",
        "typescript": "^5.3.3"
      }
    },
    "apps/my-app": {
      "name": "@mycompany/my-app",
      "version": "1.0.0",
      "extraneous": true,
      "license": "MIT",
      "dependencies": {
        "@types/lodash": "^4.14.202",
        "lodash": "^4.17.21",
        "module-alias": "^2.2.3",
        "ts-node": "^10.9.2",
        "typescript": "^5.3.3"
      },
      "devDependencies": {
        "tsconfig-paths": "^4.2.0"
      }
    },
    "node_modules/module-alias": {
      "version": "2.2.3",
      "resolved": "https://registry.npmjs.org/module-alias/-/module-alias-2.2.3.tgz",
      "integrity": "sha512-23g5BFj4zdQL/b6tor7Ji+QY4pEfNH784BMslY9Qb0UnJWRAt+lQGLYmRaM0KDBwIG23ffEBELhZDP2rhi9f/Q=="
    },
    "node_modules/turbo": {
      "version": "1.11.2",
      "resolved": "https://registry.npmjs.org/turbo/-/turbo-1.11.2.tgz",
      "integrity": "sha512-jPC7LVQJzebs5gWf8FmEvsvXGNyKbN+O9qpvv98xpNaM59aS0/Irhd0H0KbcqnXfsz7ETlzOC3R+xFWthC4Z8A==",
      "license": "MPL-2.0",
      "bin": {
        "turbo": "bin/turbo"
      },
      "optionalDependencies": {
        "turbo-darwin-64": "1.11.2",
        "turbo-darwin-arm64": "1.11.2",
        "turbo-linux-64": "1.11.2",
        "turbo-linux-arm64": "1.11.2",
        "turbo-windows-64": "1.11.2",
        "turbo-windows-arm64": "1.11.2"
      }
    },
    "node_modules/turbo-darwin-arm64": {
      "version": "1.11.2",
      "resolved": "https://registry.npmjs.org/turbo-darwin-arm64/-/turbo-darwin-arm64-1.11.2.tgz",
      "integrity": "sha512-FCsEDZ8BUSFYEOSC3rrARQrj7x2VOrmVcfrMUIhexTxproRh4QyMxLfr6LALk4ymx6jbDCxWa6Szal8ckldFbA==",
      "cpu": [
        "arm64"
      ],
      "license": "MPL-2.0",
      "optional": true,
      "os": [
        "darwin"
      ]
    },
    "node_modules/typescript": {
      "version": "5.3.3",
      "resolved": "https://registry.npmjs.org/typescript/-/typescript-5.3.3.tgz",
      "integrity": "sha512-pXWcraxM0uxAS+tN0AG/BF2TyqmHO014Z070UsJ+pFvYuRSq8KH8DmWpnbXe0pEPDHXZV3FcAbJkijJ5oNEnWw==",
      "bin": {
        "tsc": "bin/tsc",
        "tsserver": "bin/tsserver"
      },
      "engines": {
        "node": ">=14.17"
      }
    },
    "packages/my-lib": {
      "name": "@mycompany/my-lib",
      "version": "1.0.0",
      "extraneous": true,
      "license": "MIT",
      "dependencies": {
        "module-alias": "^2.2.3",
        "ts-node": "^10.9.2"
      },
      "devDependencies": {
        "tsconfig-paths": "^4.2.0",
        "typescript": "^5.3.3"
      }
    }
  }
}
